
Microsoft Visual Studio Solution File, Format Version 12.00
# Visual Studio Version 16
VisualStudioVersion = 16.0.31005.135
MinimumVisualStudioVersion = 10.0.40219.1
Project("{FAE04EC0-301F-11D3-BF4B-00C04F79EFBC}") = "ExceptionAssignment", "ExceptionAssignment\ExceptionAssignment.csproj", "{BD73D6A9-3C55-4F2F-9CEC-E473C42E4070}"
EndProject
Global
	GlobalSection(SolutionConfigurationPlatforms) = preSolution
		Debug|Any CPU = Debug|Any CPU
		Release|Any CPU = Release|Any CPU
	EndGlobalSection
	GlobalSection(ProjectConfigurationPlatforms) = postSolution
		{BD73D6A9-3C55-4F2F-9CEC-E473C42E4070}.Debug|Any CPU.ActiveCfg = Debug|Any CPU
		{BD73D6A9-3C55-4F2F-9CEC-E473C42E4070}.Debug|Any CPU.Build.0 = Debug|Any CPU
		{BD73D6A9-3C55-4F2F-9CEC-E473C42E4070}.Release|Any CPU.ActiveCfg = Release|Any CPU
		{BD73D6A9-3C55-4F2F-9CEC-E473C42E4070}.Release|Any CPU.Build.0 = Release|Any CPU
	EndGlobalSection
	GlobalSection(SolutionProperties) = preSolution
		HideSolutionNode = FALSE
	EndGlobalSection
	GlobalSection(ExtensibilityGlobals) = postSolution
		SolutionGuid = {117688CE-EFBE-40DB-8180-88146575D60B}
	EndGlobalSection
EndGlobal
