
Microsoft Visual Studio Solution File, Format Version 12.00
# Visual Studio Version 16
VisualStudioVersion = 16.0.31005.135
MinimumVisualStudioVersion = 10.0.40219.1
Project("{FAE04EC0-301F-11D3-BF4B-00C04F79EFBC}") = "AcmeAccountingSystems", "AcmeAccountingSystems\AcmeAccountingSystems.csproj", "{7C8D48E9-4E51-49A5-A7F3-FAE680FF9D5E}"
EndProject
Global
	GlobalSection(SolutionConfigurationPlatforms) = preSolution
		Debug|Any CPU = Debug|Any CPU
		Release|Any CPU = Release|Any CPU
	EndGlobalSection
	GlobalSection(ProjectConfigurationPlatforms) = postSolution
		{7C8D48E9-4E51-49A5-A7F3-FAE680FF9D5E}.Debug|Any CPU.ActiveCfg = Debug|Any CPU
		{7C8D48E9-4E51-49A5-A7F3-FAE680FF9D5E}.Debug|Any CPU.Build.0 = Debug|Any CPU
		{7C8D48E9-4E51-49A5-A7F3-FAE680FF9D5E}.Release|Any CPU.ActiveCfg = Release|Any CPU
		{7C8D48E9-4E51-49A5-A7F3-FAE680FF9D5E}.Release|Any CPU.Build.0 = Release|Any CPU
	EndGlobalSection
	GlobalSection(SolutionProperties) = preSolution
		HideSolutionNode = FALSE
	EndGlobalSection
	GlobalSection(ExtensibilityGlobals) = postSolution
		SolutionGuid = {C1AA3D01-49E3-455D-91E9-6620A766B631}
	EndGlobalSection
EndGlobal
