
Microsoft Visual Studio Solution File, Format Version 12.00
# Visual Studio Version 16
VisualStudioVersion = 16.0.31005.135
MinimumVisualStudioVersion = 10.0.40219.1
Project("{FAE04EC0-301F-11D3-BF4B-00C04F79EFBC}") = "CarInsurance", "CarInsurance\CarInsurance.csproj", "{FA66B3A0-9D51-42A2-B584-165975C2457F}"
EndProject
Global
	GlobalSection(SolutionConfigurationPlatforms) = preSolution
		Debug|Any CPU = Debug|Any CPU
		Release|Any CPU = Release|Any CPU
	EndGlobalSection
	GlobalSection(ProjectConfigurationPlatforms) = postSolution
		{FA66B3A0-9D51-42A2-B584-165975C2457F}.Debug|Any CPU.ActiveCfg = Debug|Any CPU
		{FA66B3A0-9D51-42A2-B584-165975C2457F}.Debug|Any CPU.Build.0 = Debug|Any CPU
		{FA66B3A0-9D51-42A2-B584-165975C2457F}.Release|Any CPU.ActiveCfg = Release|Any CPU
		{FA66B3A0-9D51-42A2-B584-165975C2457F}.Release|Any CPU.Build.0 = Release|Any CPU
	EndGlobalSection
	GlobalSection(SolutionProperties) = preSolution
		HideSolutionNode = FALSE
	EndGlobalSection
	GlobalSection(ExtensibilityGlobals) = postSolution
		SolutionGuid = {0DDD2D2E-26A0-461D-9418-93722A057BAD}
	EndGlobalSection
EndGlobal
