
Microsoft Visual Studio Solution File, Format Version 12.00
# Visual Studio Version 16
VisualStudioVersion = 16.0.31005.135
MinimumVisualStudioVersion = 10.0.40219.1
Project("{FAE04EC0-301F-11D3-BF4B-00C04F79EFBC}") = "WebFormsTutorial", "WebFormsTutorial\WebFormsTutorial.csproj", "{AE3C9CE5-63F6-42FC-812B-E01ECC917A8B}"
EndProject
Global
	GlobalSection(SolutionConfigurationPlatforms) = preSolution
		Debug|Any CPU = Debug|Any CPU
		Release|Any CPU = Release|Any CPU
	EndGlobalSection
	GlobalSection(ProjectConfigurationPlatforms) = postSolution
		{AE3C9CE5-63F6-42FC-812B-E01ECC917A8B}.Debug|Any CPU.ActiveCfg = Debug|Any CPU
		{AE3C9CE5-63F6-42FC-812B-E01ECC917A8B}.Debug|Any CPU.Build.0 = Debug|Any CPU
		{AE3C9CE5-63F6-42FC-812B-E01ECC917A8B}.Release|Any CPU.ActiveCfg = Release|Any CPU
		{AE3C9CE5-63F6-42FC-812B-E01ECC917A8B}.Release|Any CPU.Build.0 = Release|Any CPU
	EndGlobalSection
	GlobalSection(SolutionProperties) = preSolution
		HideSolutionNode = FALSE
	EndGlobalSection
	GlobalSection(ExtensibilityGlobals) = postSolution
		SolutionGuid = {9BE9ABCA-47CA-4BAE-BEE6-C96EC8FFA69D}
	EndGlobalSection
EndGlobal
